
Microsoft Visual Studio Solution File, Format Version 12.00
# Visual Studio Version 17
VisualStudioVersion = 17.5.33530.505
MinimumVisualStudioVersion = 10.0.40219.1
Project("{9A19103F-16F7-4668-BE54-9A1E7A4F7556}") = "Domain", "Domain\Domain.csproj", "{4B834043-EFEF-40DB-B6DE-3366EE9FC786}"
EndProject
Project("{FAE04EC0-301F-11D3-BF4B-00C04F79EFBC}") = "CrossCutting", "CrossCutting\CrossCutting.csproj", "{56CB655F-29A5-46E7-9312-8D62F7430393}"
EndProject
Global
	GlobalSection(SolutionConfigurationPlatforms) = preSolution
		Debug|Any CPU = Debug|Any CPU
		Release|Any CPU = Release|Any CPU
	EndGlobalSection
	GlobalSection(ProjectConfigurationPlatforms) = postSolution
		{4B834043-EFEF-40DB-B6DE-3366EE9FC786}.Debug|Any CPU.ActiveCfg = Debug|Any CPU
		{4B834043-EFEF-40DB-B6DE-3366EE9FC786}.Debug|Any CPU.Build.0 = Debug|Any CPU
		{4B834043-EFEF-40DB-B6DE-3366EE9FC786}.Release|Any CPU.ActiveCfg = Release|Any CPU
		{4B834043-EFEF-40DB-B6DE-3366EE9FC786}.Release|Any CPU.Build.0 = Release|Any CPU
		{56CB655F-29A5-46E7-9312-8D62F7430393}.Debug|Any CPU.ActiveCfg = Debug|Any CPU
		{56CB655F-29A5-46E7-9312-8D62F7430393}.Debug|Any CPU.Build.0 = Debug|Any CPU
		{56CB655F-29A5-46E7-9312-8D62F7430393}.Release|Any CPU.ActiveCfg = Release|Any CPU
		{56CB655F-29A5-46E7-9312-8D62F7430393}.Release|Any CPU.Build.0 = Release|Any CPU
	EndGlobalSection
	GlobalSection(SolutionProperties) = preSolution
		HideSolutionNode = FALSE
	EndGlobalSection
	GlobalSection(ExtensibilityGlobals) = postSolution
		SolutionGuid = {048109C0-FA5B-49D4-A368-BFCC257DCE8A}
	EndGlobalSection
EndGlobal
